Microsoft Visual Studio Solution File, Format Version 12.00
# Visual Studio Version 17
VisualStudioVersion = 17.5.2.0
MinimumVisualStudioVersion = 10.0.40219.1
Project("{FAE04EC0-301F-11D3-BF4B-00C04F79EFBC}") = "test", "test.csproj", "{1E7CB755-154A-45BD-4B30-C030123AA28B}"
EndProject
Global
	GlobalSection(SolutionConfigurationPlatforms) = preSolution
		Debug|Any CPU = Debug|Any CPU
		Release|Any CPU = Release|Any CPU
	EndGlobalSection
	GlobalSection(ProjectConfigurationPlatforms) = postSolution
		{1E7CB755-154A-45BD-4B30-C030123AA28B}.Debug|Any CPU.ActiveCfg = Debug|Any CPU
		{1E7CB755-154A-45BD-4B30-C030123AA28B}.Debug|Any CPU.Build.0 = Debug|Any CPU
		{1E7CB755-154A-45BD-4B30-C030123AA28B}.Release|Any CPU.ActiveCfg = Release|Any CPU
		{1E7CB755-154A-45BD-4B30-C030123AA28B}.Release|Any CPU.Build.0 = Release|Any CPU
	EndGlobalSection
	GlobalSection(SolutionProperties) = preSolution
		HideSolutionNode = FALSE
	EndGlobalSection
	GlobalSection(ExtensibilityGlobals) = postSolution
		SolutionGuid = {61327FA0-F287-45B3-A318-3017D2E42A9D}
	EndGlobalSection
EndGlobal
